
Microsoft Visual Studio Solution File, Format Version 12.00
# Visual Studio 14
VisualStudioVersion = 14.0.25420.1
MinimumVisualStudioVersion = 10.0.40219.1
Project("{FAE04EC0-301F-11D3-BF4B-00C04F79EFBC}") = "FabrikamFood", "FabrikamFood\FabrikamFood\FabrikamFood.csproj", "{B2D38EFB-E794-4D99-AA2D-7984D3237153}"
EndProject
Project("{FAE04EC0-301F-11D3-BF4B-00C04F79EFBC}") = "FabrikamFood.Droid", "FabrikamFood\FabrikamFood.Droid\FabrikamFood.Droid.csproj", "{1BB79208-D745-44A9-B7C0-FC70B285EE69}"
EndProject
Project("{FAE04EC0-301F-11D3-BF4B-00C04F79EFBC}") = "FabrikamFood.iOS", "FabrikamFood\FabrikamFood.iOS\FabrikamFood.iOS.csproj", "{37F2620C-D657-4A07-8740-4A497E4EB106}"
EndProject
Global
	GlobalSection(SolutionConfigurationPlatforms) = preSolution
		Ad-Hoc|Any CPU = Ad-Hoc|Any CPU
		Ad-Hoc|iPhone = Ad-Hoc|iPhone
		Ad-Hoc|iPhoneSimulator = Ad-Hoc|iPhoneSimulator
		AppStore|Any CPU = AppStore|Any CPU
		AppStore|iPhone = AppStore|iPhone
		AppStore|iPhoneSimulator = AppStore|iPhoneSimulator
		Debug|Any CPU = Debug|Any CPU
		Debug|iPhone = Debug|iPhone
		Debug|iPhoneSimulator = Debug|iPhoneSimulator
		Release|Any CPU = Release|Any CPU
		Release|iPhone = Release|iPhone
		Release|iPhoneSimulator = Release|iPhoneSimulator
	EndGlobalSection
	GlobalSection(ProjectConfigurationPlatforms) = postSolution
		{B2D38EFB-E794-4D99-AA2D-7984D3237153}.Ad-Hoc|Any CPU.ActiveCfg = Release|Any CPU
		{B2D38EFB-E794-4D99-AA2D-7984D3237153}.Ad-Hoc|Any CPU.Build.0 = Release|Any CPU
		{B2D38EFB-E794-4D99-AA2D-7984D3237153}.Ad-Hoc|iPhone.ActiveCfg = Release|Any CPU
		{B2D38EFB-E794-4D99-AA2D-7984D3237153}.Ad-Hoc|iPhone.Build.0 = Release|Any CPU
		{B2D38EFB-E794-4D99-AA2D-7984D3237153}.Ad-Hoc|iPhoneSimulator.ActiveCfg = Release|Any CPU
		{B2D38EFB-E794-4D99-AA2D-7984D3237153}.Ad-Hoc|iPhoneSimulator.Build.0 = Release|Any CPU
		{B2D38EFB-E794-4D99-AA2D-7984D3237153}.AppStore|Any CPU.ActiveCfg = Release|Any CPU
		{B2D38EFB-E794-4D99-AA2D-7984D3237153}.AppStore|Any CPU.Build.0 = Release|Any CPU
		{B2D38EFB-E794-4D99-AA2D-7984D3237153}.AppStore|iPhone.ActiveCfg = Release|Any CPU
		{B2D38EFB-E794-4D99-AA2D-7984D3237153}.AppStore|iPhone.Build.0 = Release|Any CPU
		{B2D38EFB-E794-4D99-AA2D-7984D3237153}.AppStore|iPhoneSimulator.ActiveCfg = Release|Any CPU
		{B2D38EFB-E794-4D99-AA2D-7984D3237153}.AppStore|iPhoneSimulator.Build.0 = Release|Any CPU
		{B2D38EFB-E794-4D99-AA2D-7984D3237153}.Debug|Any CPU.ActiveCfg = Debug|Any CPU
		{B2D38EFB-E794-4D99-AA2D-7984D3237153}.Debug|Any CPU.Build.0 = Debug|Any CPU
		{B2D38EFB-E794-4D99-AA2D-7984D3237153}.Debug|iPhone.ActiveCfg = Debug|Any CPU
		{B2D38EFB-E794-4D99-AA2D-7984D3237153}.Debug|iPhone.Build.0 = Debug|Any CPU
		{B2D38EFB-E794-4D99-AA2D-7984D3237153}.Debug|iPhoneSimulator.ActiveCfg = Debug|Any CPU
		{B2D38EFB-E794-4D99-AA2D-7984D3237153}.Debug|iPhoneSimulator.Build.0 = Debug|Any CPU
		{B2D38EFB-E794-4D99-AA2D-7984D3237153}.Release|Any CPU.ActiveCfg = Release|Any CPU
		{B2D38EFB-E794-4D99-AA2D-7984D3237153}.Release|Any CPU.Build.0 = Release|Any CPU
		{B2D38EFB-E794-4D99-AA2D-7984D3237153}.Release|iPhone.ActiveCfg = Release|Any CPU
		{B2D38EFB-E794-4D99-AA2D-7984D3237153}.Release|iPhone.Build.0 = Release|Any CPU
		{B2D38EFB-E794-4D99-AA2D-7984D3237153}.Release|iPhoneSimulator.ActiveCfg = Release|Any CPU
		{B2D38EFB-E794-4D99-AA2D-7984D3237153}.Release|iPhoneSimulator.Build.0 = Release|Any CPU
		{1BB79208-D745-44A9-B7C0-FC70B285EE69}.Ad-Hoc|Any CPU.ActiveCfg = Release|Any CPU
		{1BB79208-D745-44A9-B7C0-FC70B285EE69}.Ad-Hoc|Any CPU.Build.0 = Release|Any CPU
		{1BB79208-D745-44A9-B7C0-FC70B285EE69}.Ad-Hoc|Any CPU.Deploy.0 = Release|Any CPU
		{1BB79208-D745-44A9-B7C0-FC70B285EE69}.Ad-Hoc|iPhone.ActiveCfg = Release|Any CPU
		{1BB79208-D745-44A9-B7C0-FC70B285EE69}.Ad-Hoc|iPhone.Build.0 = Release|Any CPU
		{1BB79208-D745-44A9-B7C0-FC70B285EE69}.Ad-Hoc|iPhone.Deploy.0 = Release|Any CPU
		{1BB79208-D745-44A9-B7C0-FC70B285EE69}.Ad-Hoc|iPhoneSimulator.ActiveCfg = Release|Any CPU
		{1BB79208-D745-44A9-B7C0-FC70B285EE69}.Ad-Hoc|iPhoneSimulator.Build.0 = Release|Any CPU
		{1BB79208-D745-44A9-B7C0-FC70B285EE69}.Ad-Hoc|iPhoneSimulator.Deploy.0 = Release|Any CPU
		{1BB79208-D745-44A9-B7C0-FC70B285EE69}.AppStore|Any CPU.ActiveCfg = Release|Any CPU
		{1BB79208-D745-44A9-B7C0-FC70B285EE69}.AppStore|Any CPU.Build.0 = Release|Any CPU
		{1BB79208-D745-44A9-B7C0-FC70B285EE69}.AppStore|Any CPU.Deploy.0 = Release|Any CPU
		{1BB79208-D745-44A9-B7C0-FC70B285EE69}.AppStore|iPhone.ActiveCfg = Release|Any CPU
		{1BB79208-D745-44A9-B7C0-FC70B285EE69}.AppStore|iPhone.Build.0 = Release|Any CPU
		{1BB79208-D745-44A9-B7C0-FC70B285EE69}.AppStore|iPhone.Deploy.0 = Release|Any CPU
		{1BB79208-D745-44A9-B7C0-FC70B285EE69}.AppStore|iPhoneSimulator.ActiveCfg = Release|Any CPU
		{1BB79208-D745-44A9-B7C0-FC70B285EE69}.AppStore|iPhoneSimulator.Build.0 = Release|Any CPU
		{1BB79208-D745-44A9-B7C0-FC70B285EE69}.AppStore|iPhoneSimulator.Deploy.0 = Release|Any CPU
		{1BB79208-D745-44A9-B7C0-FC70B285EE69}.Debug|Any CPU.ActiveCfg = Debug|Any CPU
		{1BB79208-D745-44A9-B7C0-FC70B285EE69}.Debug|Any CPU.Build.0 = Debug|Any CPU
		{1BB79208-D745-44A9-B7C0-FC70B285EE69}.Debug|Any CPU.Deploy.0 = Debug|Any CPU
		{1BB79208-D745-44A9-B7C0-FC70B285EE69}.Debug|iPhone.ActiveCfg = Debug|Any CPU
		{1BB79208-D745-44A9-B7C0-FC70B285EE69}.Debug|iPhone.Build.0 = Debug|Any CPU
		{1BB79208-D745-44A9-B7C0-FC70B285EE69}.Debug|iPhone.Deploy.0 = Debug|Any CPU
		{1BB79208-D745-44A9-B7C0-FC70B285EE69}.Debug|iPhoneSimulator.ActiveCfg = Debug|Any CPU
		{1BB79208-D745-44A9-B7C0-FC70B285EE69}.Debug|iPhoneSimulator.Build.0 = Debug|Any CPU
		{1BB79208-D745-44A9-B7C0-FC70B285EE69}.Debug|iPhoneSimulator.Deploy.0 = Debug|Any CPU
		{1BB79208-D745-44A9-B7C0-FC70B285EE69}.Release|Any CPU.ActiveCfg = Release|Any CPU
		{1BB79208-D745-44A9-B7C0-FC70B285EE69}.Release|Any CPU.Build.0 = Release|Any CPU
		{1BB79208-D745-44A9-B7C0-FC70B285EE69}.Release|Any CPU.Deploy.0 = Release|Any CPU
		{1BB79208-D745-44A9-B7C0-FC70B285EE69}.Release|iPhone.ActiveCfg = Release|Any CPU
		{1BB79208-D745-44A9-B7C0-FC70B285EE69}.Release|iPhone.Build.0 = Release|Any CPU
		{1BB79208-D745-44A9-B7C0-FC70B285EE69}.Release|iPhone.Deploy.0 = Release|Any CPU
		{1BB79208-D745-44A9-B7C0-FC70B285EE69}.Release|iPhoneSimulator.ActiveCfg = Release|Any CPU
		{1BB79208-D745-44A9-B7C0-FC70B285EE69}.Release|iPhoneSimulator.Build.0 = Release|Any CPU
		{1BB79208-D745-44A9-B7C0-FC70B285EE69}.Release|iPhoneSimulator.Deploy.0 = Release|Any CPU
		{37F2620C-D657-4A07-8740-4A497E4EB106}.Ad-Hoc|Any CPU.ActiveCfg = Ad-Hoc|iPhone
		{37F2620C-D657-4A07-8740-4A497E4EB106}.Ad-Hoc|iPhone.ActiveCfg = Ad-Hoc|iPhone
		{37F2620C-D657-4A07-8740-4A497E4EB106}.Ad-Hoc|iPhone.Build.0 = Ad-Hoc|iPhone
		{37F2620C-D657-4A07-8740-4A497E4EB106}.Ad-Hoc|iPhoneSimulator.ActiveCfg = Ad-Hoc|iPhoneSimulator
		{37F2620C-D657-4A07-8740-4A497E4EB106}.Ad-Hoc|iPhoneSimulator.Build.0 = Ad-Hoc|iPhoneSimulator
		{37F2620C-D657-4A07-8740-4A497E4EB106}.AppStore|Any CPU.ActiveCfg = AppStore|iPhone
		{37F2620C-D657-4A07-8740-4A497E4EB106}.AppStore|iPhone.ActiveCfg = AppStore|iPhone
		{37F2620C-D657-4A07-8740-4A497E4EB106}.AppStore|iPhone.Build.0 = AppStore|iPhone
		{37F2620C-D657-4A07-8740-4A497E4EB106}.AppStore|iPhoneSimulator.ActiveCfg = AppStore|iPhoneSimulator
		{37F2620C-D657-4A07-8740-4A497E4EB106}.AppStore|iPhoneSimulator.Build.0 = AppStore|iPhoneSimulator
		{37F2620C-D657-4A07-8740-4A497E4EB106}.Debug|Any CPU.ActiveCfg = Debug|iPhone
		{37F2620C-D657-4A07-8740-4A497E4EB106}.Debug|iPhone.ActiveCfg = Debug|iPhone
		{37F2620C-D657-4A07-8740-4A497E4EB106}.Debug|iPhone.Build.0 = Debug|iPhone
		{37F2620C-D657-4A07-8740-4A497E4EB106}.Debug|iPhoneSimulator.ActiveCfg = Debug|iPhoneSimulator
		{37F2620C-D657-4A07-8740-4A497E4EB106}.Debug|iPhoneSimulator.Build.0 = Debug|iPhoneSimulator
		{37F2620C-D657-4A07-8740-4A497E4EB106}.Release|Any CPU.ActiveCfg = Release|iPhone
		{37F2620C-D657-4A07-8740-4A497E4EB106}.Release|iPhone.ActiveCfg = Release|iPhone
		{37F2620C-D657-4A07-8740-4A497E4EB106}.Release|iPhone.Build.0 = Release|iPhone
		{37F2620C-D657-4A07-8740-4A497E4EB106}.Release|iPhoneSimulator.ActiveCfg = Release|iPhoneSimulator
		{37F2620C-D657-4A07-8740-4A497E4EB106}.Release|iPhoneSimulator.Build.0 = Release|iPhoneSimulator
	EndGlobalSection
	GlobalSection(SolutionProperties) = preSolution
		HideSolutionNode = FALSE
	EndGlobalSection
EndGlobal
